
Microsoft Visual Studio Solution File, Format Version 12.00
# Visual Studio Version 16
VisualStudioVersion = 16.0.29418.71
MinimumVisualStudioVersion = 10.0.40219.1
Project("{FAE04EC0-301F-11D3-BF4B-00C04F79EFBC}") = "UTA", "UTA\UTA.csproj", "{765EA298-662D-4DF9-AFB5-1C05F99D6B0D}"
EndProject
Project("{FAE04EC0-301F-11D3-BF4B-00C04F79EFBC}") = "ImportModule", "ImportModule\ImportModule.csproj", "{DCF35BB6-C438-4B0D-8B3F-66FCE55D3E1A}"
EndProject
Project("{FAE04EC0-301F-11D3-BF4B-00C04F79EFBC}") = "ExportModule", "ExportModule\ExportModule.csproj", "{A4282863-E07F-4801-95E7-974F8069CB8C}"
EndProject
Project("{FAE04EC0-301F-11D3-BF4B-00C04F79EFBC}") = "CalculationsEngine", "CalculationsEngine\CalculationsEngine.csproj", "{1DCCD037-7370-49D5-8EC8-2BB0DCB47D5D}"
EndProject
Project("{FAE04EC0-301F-11D3-BF4B-00C04F79EFBC}") = "DataModel", "DataModel\DataModel.csproj", "{8954BCD5-4C2C-4552-9259-C4109980B823}"
EndProject
Global
	GlobalSection(SolutionConfigurationPlatforms) = preSolution
		Debug|Any CPU = Debug|Any CPU
		Release|Any CPU = Release|Any CPU
	EndGlobalSection
	GlobalSection(ProjectConfigurationPlatforms) = postSolution
		{765EA298-662D-4DF9-AFB5-1C05F99D6B0D}.Debug|Any CPU.ActiveCfg = Debug|Any CPU
		{765EA298-662D-4DF9-AFB5-1C05F99D6B0D}.Debug|Any CPU.Build.0 = Debug|Any CPU
		{765EA298-662D-4DF9-AFB5-1C05F99D6B0D}.Release|Any CPU.ActiveCfg = Release|Any CPU
		{765EA298-662D-4DF9-AFB5-1C05F99D6B0D}.Release|Any CPU.Build.0 = Release|Any CPU
		{DCF35BB6-C438-4B0D-8B3F-66FCE55D3E1A}.Debug|Any CPU.ActiveCfg = Debug|Any CPU
		{DCF35BB6-C438-4B0D-8B3F-66FCE55D3E1A}.Debug|Any CPU.Build.0 = Debug|Any CPU
		{DCF35BB6-C438-4B0D-8B3F-66FCE55D3E1A}.Release|Any CPU.ActiveCfg = Release|Any CPU
		{DCF35BB6-C438-4B0D-8B3F-66FCE55D3E1A}.Release|Any CPU.Build.0 = Release|Any CPU
		{A4282863-E07F-4801-95E7-974F8069CB8C}.Debug|Any CPU.ActiveCfg = Debug|Any CPU
		{A4282863-E07F-4801-95E7-974F8069CB8C}.Debug|Any CPU.Build.0 = Debug|Any CPU
		{A4282863-E07F-4801-95E7-974F8069CB8C}.Release|Any CPU.ActiveCfg = Release|Any CPU
		{A4282863-E07F-4801-95E7-974F8069CB8C}.Release|Any CPU.Build.0 = Release|Any CPU
		{1DCCD037-7370-49D5-8EC8-2BB0DCB47D5D}.Debug|Any CPU.ActiveCfg = Debug|Any CPU
		{1DCCD037-7370-49D5-8EC8-2BB0DCB47D5D}.Debug|Any CPU.Build.0 = Debug|Any CPU
		{1DCCD037-7370-49D5-8EC8-2BB0DCB47D5D}.Release|Any CPU.ActiveCfg = Release|Any CPU
		{1DCCD037-7370-49D5-8EC8-2BB0DCB47D5D}.Release|Any CPU.Build.0 = Release|Any CPU
		{8954BCD5-4C2C-4552-9259-C4109980B823}.Debug|Any CPU.ActiveCfg = Debug|Any CPU
		{8954BCD5-4C2C-4552-9259-C4109980B823}.Debug|Any CPU.Build.0 = Debug|Any CPU
		{8954BCD5-4C2C-4552-9259-C4109980B823}.Release|Any CPU.ActiveCfg = Release|Any CPU
		{8954BCD5-4C2C-4552-9259-C4109980B823}.Release|Any CPU.Build.0 = Release|Any CPU
	EndGlobalSection
	GlobalSection(SolutionProperties) = preSolution
		HideSolutionNode = FALSE
	EndGlobalSection
	GlobalSection(ExtensibilityGlobals) = postSolution
		SolutionGuid = {80C09E5B-7012-4E6D-AED1-DE72E9E3FD4A}
	EndGlobalSection
EndGlobal
